
Microsoft Visual Studio Solution File, Format Version 12.00
# Visual Studio 2012
Project("{FAE04EC0-301F-11D3-BF4B-00C04F79EFBC}") = "Netflou", "Netflou\Netflou.csproj", "{A1844264-6C7C-4C7E-90D5-EBFE71CF444B}"
EndProject
Global
	GlobalSection(SolutionConfigurationPlatforms) = preSolution
		Debug|Any CPU = Debug|Any CPU
		Release|Any CPU = Release|Any CPU
	EndGlobalSection
	GlobalSection(ProjectConfigurationPlatforms) = postSolution
		{A1844264-6C7C-4C7E-90D5-EBFE71CF444B}.Debug|Any CPU.ActiveCfg = Debug|Any CPU
		{A1844264-6C7C-4C7E-90D5-EBFE71CF444B}.Debug|Any CPU.Build.0 = Debug|Any CPU
		{A1844264-6C7C-4C7E-90D5-EBFE71CF444B}.Release|Any CPU.ActiveCfg = Release|Any CPU
		{A1844264-6C7C-4C7E-90D5-EBFE71CF444B}.Release|Any CPU.Build.0 = Release|Any CPU
	EndGlobalSection
EndGlobal
